// !$*UTF8*$!
{
	archiveVersion = 1;
	classes = {
	};
	objectVersion = 77;
	objects = {

/* Begin PBXBuildFile section */
		4F497AEA2E21BE1700E81FEA /* CoreXLSX in Frameworks */ = {isa = PBXBuildFile; productRef = 4F497AE92E21BE1700E81FEA /* CoreXLSX */; };
/* End PBXBuildFile section */

/* Begin PBXContainerItemProxy section */
		4F0E13E62E1ECD0200DCC97E /* PBXContainerItemProxy */ = {
			isa = PBXContainerItemProxy;
			containerPortal = 4F0E13D02E1ECCFF00DCC97E /* Project object */;
			proxyType = 1;
			remoteGlobalIDString = 4F0E13D72E1ECCFF00DCC97E;
			remoteInfo = FarmTrackr;
		};
		4F0E13F02E1ECD0200DCC97E /* PBXContainerItemProxy */ = {
			isa = PBXContainerItemProxy;
			containerPortal = 4F0E13D02E1ECCFF00DCC97E /* Project object */;
			proxyType = 1;
			remoteGlobalIDString = 4F0E13D72E1ECCFF00DCC97E;
			remoteInfo = FarmTrackr;
		};
/* End PBXContainerItemProxy section */

/* Begin PBXFileReference section */
		4F0E13D82E1ECCFF00DCC97E /* FarmTrackr.app */ = {isa = PBXFileReference; explicitFileType = wrapper.application; includeInIndex = 0; path = FarmTrackr.app; sourceTree = BUILT_PRODUCTS_DIR; };
		4F0E13E52E1ECD0200DCC97E /* FarmTrackrTests.xctest */ = {isa = PBXFileReference; explicitFileType = wrapper.cfbundle; includeInIndex = 0; path = FarmTrackrTests.xctest; sourceTree = BUILT_PRODUCTS_DIR; };
		4F0E13EF2E1ECD0200DCC97E /* FarmTrackrUITests.xctest */ = {isa = PBXFileReference; explicitFileType = wrapper.cfbundle; includeInIndex = 0; path = FarmTrackrUITests.xctest; sourceTree = BUILT_PRODUCTS_DIR; };
/* End PBXFileReference section */

/* Begin PBXFileSystemSynchronizedRootGroup section */
		4F0E13DA2E1ECCFF00DCC97E /* FarmTrackr */ = {
			isa = PBXFileSystemSynchronizedRootGroup;
			path = FarmTrackr;
			sourceTree = "<group>";
		};
		4F0E13E82E1ECD0200DCC97E /* FarmTrackrTests */ = {
			isa = PBXFileSystemSynchronizedRootGroup;
			path = FarmTrackrTests;
			sourceTree = "<group>";
		};
		4F0E13F22E1ECD0200DCC97E /* FarmTrackrUITests */ = {
			isa = PBXFileSystemSynchronizedRootGroup;
			path = FarmTrackrUITests;
			sourceTree = "<group>";
		};
/* End PBXFileSystemSynchronizedRootGroup section */

/* Begin PBXFrameworksBuildPhase section */
		4F0E13D52E1ECCFF00DCC97E /* Frameworks */ = {
			isa = PBXFrameworksBuildPhase;
			buildActionMask = 2147483647;
			files = (
				4F497AEA2E21BE1700E81FEA /* CoreXLSX in Frameworks */,
			);
			runOnlyForDeploymentPostprocessing = 0;
		};
		4F0E13E22E1ECD0200DCC97E /* Frameworks */ = {
			isa = PBXFrameworksBuildPhase;
			buildActionMask = 2147483647;
			files = (
			);
			runOnlyForDeploymentPostprocessing = 0;
		};
		4F0E13EC2E1ECD0200DCC97E /* Frameworks */ = {
			isa = PBXFrameworksBuildPhase;
			buildActionMask = 2147483647;
			files = (
			);
			runOnlyForDeploymentPostprocessing = 0;
		};
/* End PBXFrameworksBuildPhase section */

/* Begin PBXGroup section */
		4F0E13CF2E1ECCFF00DCC97E = {
			isa = PBXGroup;
			children = (
				4F0E13DA2E1ECCFF00DCC97E /* FarmTrackr */,
				4F0E13E82E1ECD0200DCC97E /* FarmTrackrTests */,
				4F0E13F22E1ECD0200DCC97E /* FarmTrackrUITests */,
				4F0E13D92E1ECCFF00DCC97E /* Products */,
			);
			sourceTree = "<group>";
		};
		4F0E13D92E1ECCFF00DCC97E /* Products */ = {
			isa = PBXGroup;
			children = (
				4F0E13D82E1ECCFF00DCC97E /* FarmTrackr.app */,
				4F0E13E52E1ECD0200DCC97E /* FarmTrackrTests.xctest */,
				4F0E13EF2E1ECD0200DCC97E /* FarmTrackrUITests.xctest */,
			);
			name = Products;
			sourceTree = "<group>";
		};
/* End PBXGroup section */

/* Begin PBXNativeTarget section */
		4F0E13D72E1ECCFF00DCC97E /* FarmTrackr */ = {
			isa = PBXNativeTarget;
			buildConfigurationList = 4F0E13F92E1ECD0200DCC97E /* Build configuration list for PBXNativeTarget "FarmTrackr" */;
			buildPhases = (
				4F0E13D42E1ECCFF00DCC97E /* Sources */,
				4F0E13D52E1ECCFF00DCC97E /* Frameworks */,
				4F0E13D62E1ECCFF00DCC97E /* Resources */,
			);
			buildRules = (
			);
			dependencies = (
			);
			fileSystemSynchronizedGroups = (
				4F0E13DA2E1ECCFF00DCC97E /* FarmTrackr */,
			);
			name = FarmTrackr;
			packageProductDependencies = (
				4F497AE92E21BE1700E81FEA /* CoreXLSX */,
			);
			productName = FarmTrackr;
			productReference = 4F0E13D82E1ECCFF00DCC97E /* FarmTrackr.app */;
			productType = "com.apple.product-type.application";
		};
		4F0E13E42E1ECD0200DCC97E /* FarmTrackrTests */ = {
			isa = PBXNativeTarget;
			buildConfigurationList = 4F0E13FC2E1ECD0200DCC97E /* Build configuration list for PBXNativeTarget "FarmTrackrTests" */;
			buildPhases = (
				4F0E13E12E1ECD0200DCC97E /* Sources */,
				4F0E13E22E1ECD0200DCC97E /* Frameworks */,
				4F0E13E32E1ECD0200DCC97E /* Resources */,
			);
			buildRules = (
			);
			dependencies = (
				4F0E13E72E1ECD0200DCC97E /* PBXTargetDependency */,
			);
			fileSystemSynchronizedGroups = (
				4F0E13E82E1ECD0200DCC97E /* FarmTrackrTests */,
			);
			name = FarmTrackrTests;
			packageProductDependencies = (
			);
			productName = FarmTrackrTests;
			productReference = 4F0E13E52E1ECD0200DCC97E /* FarmTrackrTests.xctest */;
			productType = "com.apple.product-type.bundle.unit-test";
		};
		4F0E13EE2E1ECD0200DCC97E /* FarmTrackrUITests */ = {
			isa = PBXNativeTarget;
			buildConfigurationList = 4F0E13FF2E1ECD0200DCC97E /* Build configuration list for PBXNativeTarget "FarmTrackrUITests" */;
			buildPhases = (
				4F0E13EB2E1ECD0200DCC97E /* Sources */,
				4F0E13EC2E1ECD0200DCC97E /* Frameworks */,
				4F0E13ED2E1ECD0200DCC97E /* Resources */,
			);
			buildRules = (
			);
			dependencies = (
				4F0E13F12E1ECD0200DCC97E /* PBXTargetDependency */,
			);
			fileSystemSynchronizedGroups = (
				4F0E13F22E1ECD0200DCC97E /* FarmTrackrUITests */,
			);
			name = FarmTrackrUITests;
			packageProductDependencies = (
			);
			productName = FarmTrackrUITests;
			productReference = 4F0E13EF2E1ECD0200DCC97E /* FarmTrackrUITests.xctest */;
			productType = "com.apple.product-type.bundle.ui-testing";
		};
/* End PBXNativeTarget section */

/* Begin PBXProject section */
		4F0E13D02E1ECCFF00DCC97E /* Project object */ = {
			isa = PBXProject;
			attributes = {
				BuildIndependentTargetsInParallel = 1;
				LastSwiftUpdateCheck = 1640;
				LastUpgradeCheck = 1640;
				TargetAttributes = {
					4F0E13D72E1ECCFF00DCC97E = {
						CreatedOnToolsVersion = 16.4;
					};
					4F0E13E42E1ECD0200DCC97E = {
						CreatedOnToolsVersion = 16.4;
						TestTargetID = 4F0E13D72E1ECCFF00DCC97E;
					};
					4F0E13EE2E1ECD0200DCC97E = {
						CreatedOnToolsVersion = 16.4;
						TestTargetID = 4F0E13D72E1ECCFF00DCC97E;
					};
				};
			};
			buildConfigurationList = 4F0E13D32E1ECCFF00DCC97E /* Build configuration list for PBXProject "FarmTrackr" */;
			developmentRegion = en;
			hasScannedForEncodings = 0;
			knownRegions = (
				en,
				Base,
			);
			mainGroup = 4F0E13CF2E1ECCFF00DCC97E;
			minimizedProjectReferenceProxies = 1;
			packageReferences = (
				4F497AE82E21BE1700E81FEA /* XCRemoteSwiftPackageReference "CoreXLSX" */,
			);
			preferredProjectObjectVersion = 77;
			productRefGroup = 4F0E13D92E1ECCFF00DCC97E /* Products */;
			projectDirPath = "";
			projectRoot = "";
			targets = (
				4F0E13D72E1ECCFF00DCC97E /* FarmTrackr */,
				4F0E13E42E1ECD0200DCC97E /* FarmTrackrTests */,
				4F0E13EE2E1ECD0200DCC97E /* FarmTrackrUITests */,
			);
		};
/* End PBXProject section */

/* Begin PBXResourcesBuildPhase section */
		4F0E13D62E1ECCFF00DCC97E /* Resources */ = {
			isa = PBXResourcesBuildPhase;
			buildActionMask = 2147483647;
			files = (
			);
			runOnlyForDeploymentPostprocessing = 0;
		};
		4F0E13E32E1ECD0200DCC97E /* Resources */ = {
			isa = PBXResourcesBuildPhase;
			buildActionMask = 2147483647;
			files = (
			);
			runOnlyForDeploymentPostprocessing = 0;
		};
		4F0E13ED2E1ECD0200DCC97E /* Resources */ = {
			isa = PBXResourcesBuildPhase;
			buildActionMask = 2147483647;
			files = (
			);
			runOnlyForDeploymentPostprocessing = 0;
		};
/* End PBXResourcesBuildPhase section */

/* Begin PBXSourcesBuildPhase section */
		4F0E13D42E1ECCFF00DCC97E /* Sources */ = {
			isa = PBXSourcesBuildPhase;
			buildActionMask = 2147483647;
			files = (
			);
			runOnlyForDeploymentPostprocessing = 0;
		};
		4F0E13E12E1ECD0200DCC97E /* Sources */ = {
			isa = PBXSourcesBuildPhase;
			buildActionMask = 2147483647;
			files = (
			);
			runOnlyForDeploymentPostprocessing = 0;
		};
		4F0E13EB2E1ECD0200DCC97E /* Sources */ = {
			isa = PBXSourcesBuildPhase;
			buildActionMask = 2147483647;
			files = (
			);
			runOnlyForDeploymentPostprocessing = 0;
		};
/* End PBXSourcesBuildPhase section */

/* Begin PBXTargetDependency section */
		4F0E13E72E1ECD0200DCC97E /* PBXTargetDependency */ = {
			isa = PBXTargetDependency;
			target = 4F0E13D72E1ECCFF00DCC97E /* FarmTrackr */;
			targetProxy = 4F0E13E62E1ECD0200DCC97E /* PBXContainerItemProxy */;
		};
		4F0E13F12E1ECD0200DCC97E /* PBXTargetDependency */ = {
			isa = PBXTargetDependency;
			target = 4F0E13D72E1ECCFF00DCC97E /* FarmTrackr */;
			targetProxy = 4F0E13F02E1ECD0200DCC97E /* PBXContainerItemProxy */;
		};
/* End PBXTargetDependency section */

/* Begin XCBuildConfiguration section */
		4F0E13F72E1ECD0200DCC97E /* Debug */ = {
			isa = XCBuildConfiguration;
			buildSettings = {
				ALWAYS_SEARCH_USER_PATHS = NO;
				ASSETCATALOG_COMPILER_GENERATE_SWIFT_ASSET_SYMBOL_EXTENSIONS = YES;
				CLANG_ANALYZER_NONNULL = YES;
				CLANG_ANALYZER_NUMBER_OBJECT_CONVERSION = YES_AGGRESSIVE;
				CLANG_CXX_LANGUAGE_STANDARD = "gnu++20";
				CLANG_ENABLE_MODULES = YES;
				CLANG_ENABLE_OBJC_ARC = YES;
				CLANG_ENABLE_OBJC_WEAK = YES;
				CLANG_WARN_BLOCK_CAPTURE_AUTORELEASING = YES;
				CLANG_WARN_BOOL_CONVERSION = YES;
				CLANG_WARN_COMMA = YES;
				CLANG_WARN_CONSTANT_CONVERSION = YES;
				CLANG_WARN_DEPRECATED_OBJC_IMPLEMENTATIONS = YES;
				CLANG_WARN_DIRECT_OBJC_ISA_USAGE = YES_ERROR;
				CLANG_WARN_DOCUMENTATION_COMMENTS = YES;
				CLANG_WARN_EMPTY_BODY = YES;
				CLANG_WARN_ENUM_CONVERSION = YES;
				CLANG_WARN_INFINITE_RECURSION = YES;
				CLANG_WARN_INT_CONVERSION = YES;
				CLANG_WARN_NON_LITERAL_NULL_CONVERSION = YES;
				CLANG_WARN_OBJC_IMPLICIT_RETAIN_SELF = YES;
				CLANG_WARN_OBJC_LITERAL_CONVERSION = YES;
				CLANG_WARN_OBJC_ROOT_CLASS = YES_ERROR;
				CLANG_WARN_QUOTED_INCLUDE_IN_FRAMEWORK_HEADER = YES;
				CLANG_WARN_RANGE_LOOP_ANALYSIS = YES;
				CLANG_WARN_STRICT_PROTOTYPES = YES;
				CLANG_WARN_SUSPICIOUS_MOVE = YES;
				CLANG_WARN_UNGUARDED_AVAILABILITY = YES_AGGRESSIVE;
				CLANG_WARN_UNREACHABLE_CODE = YES;
				CLANG_WARN__DUPLICATE_METHOD_MATCH = YES;
				COPY_PHASE_STRIP = NO;
				DEBUG_INFORMATION_FORMAT = dwarf;
				DEVELOPMENT_TEAM = NN9J4BANGL;
				ENABLE_STRICT_OBJC_MSGSEND = YES;
				ENABLE_TESTABILITY = YES;
				ENABLE_USER_SCRIPT_SANDBOXING = YES;
				GCC_C_LANGUAGE_STANDARD = gnu17;
				GCC_DYNAMIC_NO_PIC = NO;
				GCC_NO_COMMON_BLOCKS = YES;
				GCC_OPTIMIZATION_LEVEL = 0;
				GCC_PREPROCESSOR_DEFINITIONS = (
					"DEBUG=1",
					"$(inherited)",
				);
				GCC_WARN_64_TO_32_BIT_CONVERSION = YES;
				GCC_WARN_ABOUT_RETURN_TYPE = YES_ERROR;
				GCC_WARN_UNDECLARED_SELECTOR = YES;
				GCC_WARN_UNINITIALIZED_AUTOS = YES_AGGRESSIVE;
				GCC_WARN_UNUSED_FUNCTION = YES;
				GCC_WARN_UNUSED_VARIABLE = YES;
				IPHONEOS_DEPLOYMENT_TARGET = 18.5;
				LOCALIZATION_PREFERS_STRING_CATALOGS = YES;
				MTL_ENABLE_DEBUG_INFO = INCLUDE_SOURCE;
				MTL_FAST_MATH = YES;
				ONLY_ACTIVE_ARCH = YES;
				SDKROOT = iphoneos;
				SWIFT_ACTIVE_COMPILATION_CONDITIONS = "DEBUG $(inherited)";
				SWIFT_OPTIMIZATION_LEVEL = "-Onone";
			};
			name = Debug;
		};
		4F0E13F82E1ECD0200DCC97E /* Release */ = {
			isa = XCBuildConfiguration;
			buildSettings = {
				ALWAYS_SEARCH_USER_PATHS = NO;
				ASSETCATALOG_COMPILER_GENERATE_SWIFT_ASSET_SYMBOL_EXTENSIONS = YES;
				CLANG_ANALYZER_NONNULL = YES;
				CLANG_ANALYZER_NUMBER_OBJECT_CONVERSION = YES_AGGRESSIVE;
				CLANG_CXX_LANGUAGE_STANDARD = "gnu++20";
				CLANG_ENABLE_MODULES = YES;
				CLANG_ENABLE_OBJC_ARC = YES;
				CLANG_ENABLE_OBJC_WEAK = YES;
				CLANG_WARN_BLOCK_CAPTURE_AUTORELEASING = YES;
				CLANG_WARN_BOOL_CONVERSION = YES;
				CLANG_WARN_COMMA = YES;
				CLANG_WARN_CONSTANT_CONVERSION = YES;
				CLANG_WARN_DEPRECATED_OBJC_IMPLEMENTATIONS = YES;
				CLANG_WARN_DIRECT_OBJC_ISA_USAGE = YES_ERROR;
				CLANG_WARN_DOCUMENTATION_COMMENTS = YES;
				CLANG_WARN_EMPTY_BODY = YES;
				CLANG_WARN_ENUM_CONVERSION = YES;
				CLANG_WARN_INFINITE_RECURSION = YES;
				CLANG_WARN_INT_CONVERSION = YES;
				CLANG_WARN_NON_LITERAL_NULL_CONVERSION = YES;
				CLANG_WARN_OBJC_IMPLICIT_RETAIN_SELF = YES;
				CLANG_WARN_OBJC_LITERAL_CONVERSION = YES;
				CLANG_WARN_OBJC_ROOT_CLASS = YES_ERROR;
				CLANG_WARN_QUOTED_INCLUDE_IN_FRAMEWORK_HEADER = YES;
				CLANG_WARN_RANGE_LOOP_ANALYSIS = YES;
				CLANG_WARN_STRICT_PROTOTYPES = YES;
				CLANG_WARN_SUSPICIOUS_MOVE = YES;
				CLANG_WARN_UNGUARDED_AVAILABILITY = YES_AGGRESSIVE;
				CLANG_WARN_UNREACHABLE_CODE = YES;
				CLANG_WARN__DUPLICATE_METHOD_MATCH = YES;
				COPY_PHASE_STRIP = NO;
				DEBUG_INFORMATION_FORMAT = "dwarf-with-dsym";
				DEVELOPMENT_TEAM = NN9J4BANGL;
				ENABLE_NS_ASSERTIONS = NO;
				ENABLE_STRICT_OBJC_MSGSEND = YES;
				ENABLE_USER_SCRIPT_SANDBOXING = YES;
				GCC_C_LANGUAGE_STANDARD = gnu17;
				GCC_NO_COMMON_BLOCKS = YES;
				GCC_WARN_64_TO_32_BIT_CONVERSION = YES;
				GCC_WARN_ABOUT_RETURN_TYPE = YES_ERROR;
				GCC_WARN_UNDECLARED_SELECTOR = YES;
				GCC_WARN_UNINITIALIZED_AUTOS = YES_AGGRESSIVE;
				GCC_WARN_UNUSED_FUNCTION = YES;
				GCC_WARN_UNUSED_VARIABLE = YES;
				IPHONEOS_DEPLOYMENT_TARGET = 18.5;
				LOCALIZATION_PREFERS_STRING_CATALOGS = YES;
				MTL_ENABLE_DEBUG_INFO = NO;
				MTL_FAST_MATH = YES;
				SDKROOT = iphoneos;
				SWIFT_COMPILATION_MODE = wholemodule;
				VALIDATE_PRODUCT = YES;
			};
			name = Release;
		};
		4F0E13FA2E1ECD0200DCC97E /* Debug */ = {
			isa = XCBuildConfiguration;
			buildSettings = {
				ASSETCATALOG_COMPILER_APPICON_NAME = AppIcon;
				ASSETCATALOG_COMPILER_GLOBAL_ACCENT_COLOR_NAME = AccentColor;
				CODE_SIGN_STYLE = Automatic;
				CURRENT_PROJECT_VERSION = 1;
				DEVELOPMENT_TEAM = NN9J4BANGL;
				ENABLE_PREVIEWS = YES;
				GENERATE_INFOPLIST_FILE = YES;
				INFOPLIST_KEY_LSApplicationCategoryType = "public.app-category.productivity";
				INFOPLIST_KEY_UIApplicationSceneManifest_Generation = YES;
				INFOPLIST_KEY_UIApplicationSupportsIndirectInputEvents = YES;
				INFOPLIST_KEY_UIBackgroundModes = "remote-notification";
				INFOPLIST_KEY_UILaunchScreen_Generation = YES;
				INFOPLIST_KEY_UISupportedInterfaceOrientations_iPad = "UIInterfaceOrientationPortrait UIInterfaceOrientationPortraitUpsideDown UIInterfaceOrientationLandscapeLeft UIInterfaceOrientationLandscapeRight";
				INFOPLIST_KEY_UISupportedInterfaceOrientations_iPhone = "UIInterfaceOrientationPortrait UIInterfaceOrientationLandscapeLeft UIInterfaceOrientationLandscapeRight";
				LD_RUNPATH_SEARCH_PATHS = (
					"$(inherited)",
					"@executable_path/Frameworks",
				);
				MARKETING_VERSION = 1.0;
				PRODUCT_BUNDLE_IDENTIFIER = com.danadube.FarmTrackr;
				PRODUCT_NAME = "$(TARGET_NAME)";
				SWIFT_EMIT_LOC_STRINGS = YES;
				SWIFT_VERSION = 5.0;
				TARGETED_DEVICE_FAMILY = "1,2";
			};
			name = Debug;
		};
		4F0E13FB2E1ECD0200DCC97E /* Release */ = {
			isa = XCBuildConfiguration;
			buildSettings = {
				ASSETCATALOG_COMPILER_APPICON_NAME = AppIcon;
				ASSETCATALOG_COMPILER_GLOBAL_ACCENT_COLOR_NAME = AccentColor;
				CODE_SIGN_STYLE = Automatic;
				CURRENT_PROJECT_VERSION = 1;
				DEVELOPMENT_TEAM = NN9J4BANGL;
				ENABLE_PREVIEWS = YES;
				GENERATE_INFOPLIST_FILE = YES;
				INFOPLIST_KEY_LSApplicationCategoryType = "public.app-category.productivity";
				INFOPLIST_KEY_UIApplicationSceneManifest_Generation = YES;
				INFOPLIST_KEY_UIApplicationSupportsIndirectInputEvents = YES;
				INFOPLIST_KEY_UIBackgroundModes = "remote-notification";
				INFOPLIST_KEY_UILaunchScreen_Generation = YES;
				INFOPLIST_KEY_UISupportedInterfaceOrientations_iPad = "UIInterfaceOrientationPortrait UIInterfaceOrientationPortraitUpsideDown UIInterfaceOrientationLandscapeLeft UIInterfaceOrientationLandscapeRight";
				INFOPLIST_KEY_UISupportedInterfaceOrientations_iPhone = "UIInterfaceOrientationPortrait UIInterfaceOrientationLandscapeLeft UIInterfaceOrientationLandscapeRight";
				LD_RUNPATH_SEARCH_PATHS = (
					"$(inherited)",
					"@executable_path/Frameworks",
				);
				MARKETING_VERSION = 1.0;
				PRODUCT_BUNDLE_IDENTIFIER = com.danadube.FarmTrackr;
				PRODUCT_NAME = "$(TARGET_NAME)";
				SWIFT_EMIT_LOC_STRINGS = YES;
				SWIFT_VERSION = 5.0;
				TARGETED_DEVICE_FAMILY = "1,2";
			};
			name = Release;
		};
		4F0E13FD2E1ECD0200DCC97E /* Debug */ = {
			isa = XCBuildConfiguration;
			buildSettings = {
				BUNDLE_LOADER = "$(TEST_HOST)";
				CODE_SIGN_STYLE = Automatic;
				CURRENT_PROJECT_VERSION = 1;
				DEVELOPMENT_TEAM = NN9J4BANGL;
				GENERATE_INFOPLIST_FILE = YES;
				IPHONEOS_DEPLOYMENT_TARGET = 18.5;
				MARKETING_VERSION = 1.0;
				PRODUCT_BUNDLE_IDENTIFIER = com.danadube.FarmTrackrTests;
				PRODUCT_NAME = "$(TARGET_NAME)";
				SWIFT_EMIT_LOC_STRINGS = NO;
				SWIFT_VERSION = 5.0;
				TARGETED_DEVICE_FAMILY = "1,2";
				TEST_HOST = "$(BUILT_PRODUCTS_DIR)/FarmTrackr.app/$(BUNDLE_EXECUTABLE_FOLDER_PATH)/FarmTrackr";
			};
			name = Debug;
		};
		4F0E13FE2E1ECD0200DCC97E /* Release */ = {
			isa = XCBuildConfiguration;
			buildSettings = {
				BUNDLE_LOADER = "$(TEST_HOST)";
				CODE_SIGN_STYLE = Automatic;
				CURRENT_PROJECT_VERSION = 1;
				DEVELOPMENT_TEAM = NN9J4BANGL;
				GENERATE_INFOPLIST_FILE = YES;
				IPHONEOS_DEPLOYMENT_TARGET = 18.5;
				MARKETING_VERSION = 1.0;
				PRODUCT_BUNDLE_IDENTIFIER = com.danadube.FarmTrackrTests;
				PRODUCT_NAME = "$(TARGET_NAME)";
				SWIFT_EMIT_LOC_STRINGS = NO;
				SWIFT_VERSION = 5.0;
				TARGETED_DEVICE_FAMILY = "1,2";
				TEST_HOST = "$(BUILT_PRODUCTS_DIR)/FarmTrackr.app/$(BUNDLE_EXECUTABLE_FOLDER_PATH)/FarmTrackr";
			};
			name = Release;
		};
		4F0E14002E1ECD0200DCC97E /* Debug */ = {
			isa = XCBuildConfiguration;
			buildSettings = {
				CODE_SIGN_STYLE = Automatic;
				CURRENT_PROJECT_VERSION = 1;
				DEVELOPMENT_TEAM = NN9J4BANGL;
				GENERATE_INFOPLIST_FILE = YES;
				MARKETING_VERSION = 1.0;
				PRODUCT_BUNDLE_IDENTIFIER = com.danadube.FarmTrackrUITests;
				PRODUCT_NAME = "$(TARGET_NAME)";
				SWIFT_EMIT_LOC_STRINGS = NO;
				SWIFT_VERSION = 5.0;
				TARGETED_DEVICE_FAMILY = "1,2";
				TEST_TARGET_NAME = FarmTrackr;
			};
			name = Debug;
		};
		4F0E14012E1ECD0200DCC97E /* Release */ = {
			isa = XCBuildConfiguration;
			buildSettings = {
				CODE_SIGN_STYLE = Automatic;
				CURRENT_PROJECT_VERSION = 1;
				DEVELOPMENT_TEAM = NN9J4BANGL;
				GENERATE_INFOPLIST_FILE = YES;
				MARKETING_VERSION = 1.0;
				PRODUCT_BUNDLE_IDENTIFIER = com.danadube.FarmTrackrUITests;
				PRODUCT_NAME = "$(TARGET_NAME)";
				SWIFT_EMIT_LOC_STRINGS = NO;
				SWIFT_VERSION = 5.0;
				TARGETED_DEVICE_FAMILY = "1,2";
				TEST_TARGET_NAME = FarmTrackr;
			};
			name = Release;
		};
/* End XCBuildConfiguration section */

/* Begin XCConfigurationList section */
		4F0E13D32E1ECCFF00DCC97E /* Build configuration list for PBXProject "FarmTrackr" */ = {
			isa = XCConfigurationList;
			buildConfigurations = (
				4F0E13F72E1ECD0200DCC97E /* Debug */,
				4F0E13F82E1ECD0200DCC97E /* Release */,
			);
			defaultConfigurationIsVisible = 0;
			defaultConfigurationName = Release;
		};
		4F0E13F92E1ECD0200DCC97E /* Build configuration list for PBXNativeTarget "FarmTrackr" */ = {
			isa = XCConfigurationList;
			buildConfigurations = (
				4F0E13FA2E1ECD0200DCC97E /* Debug */,
				4F0E13FB2E1ECD0200DCC97E /* Release */,
			);
			defaultConfigurationIsVisible = 0;
			defaultConfigurationName = Release;
		};
		4F0E13FC2E1ECD0200DCC97E /* Build configuration list for PBXNativeTarget "FarmTrackrTests" */ = {
			isa = XCConfigurationList;
			buildConfigurations = (
				4F0E13FD2E1ECD0200DCC97E /* Debug */,
				4F0E13FE2E1ECD0200DCC97E /* Release */,
			);
			defaultConfigurationIsVisible = 0;
			defaultConfigurationName = Release;
		};
		4F0E13FF2E1ECD0200DCC97E /* Build configuration list for PBXNativeTarget "FarmTrackrUITests" */ = {
			isa = XCConfigurationList;
			buildConfigurations = (
				4F0E14002E1ECD0200DCC97E /* Debug */,
				4F0E14012E1ECD0200DCC97E /* Release */,
			);
			defaultConfigurationIsVisible = 0;
			defaultConfigurationName = Release;
		};
/* End XCConfigurationList section */

/* Begin XCRemoteSwiftPackageReference section */
		4F497AE82E21BE1700E81FEA /* XCRemoteSwiftPackageReference "CoreXLSX" */ = {
			isa = XCRemoteSwiftPackageReference;
			repositoryURL = "https://github.com/CoreOffice/CoreXLSX.git";
			requirement = {
				kind = upToNextMajorVersion;
				minimumVersion = 0.14.2;
			};
		};
/* End XCRemoteSwiftPackageReference section */

/* Begin XCSwiftPackageProductDependency section */
		4F497AE92E21BE1700E81FEA /* CoreXLSX */ = {
			isa = XCSwiftPackageProductDependency;
			package = 4F497AE82E21BE1700E81FEA /* XCRemoteSwiftPackageReference "CoreXLSX" */;
			productName = CoreXLSX;
		};
/* End XCSwiftPackageProductDependency section */
	};
	rootObject = 4F0E13D02E1ECCFF00DCC97E /* Project object */;
}
